// !$*UTF8*$!
{
	archiveVersion = 1;
	classes = {
	};
	objectVersion = 56;
	objects = {

/* Begin PBXBuildFile section */
		BE0C505D2A7FC511008E8BD5 /* View+Ext.swift in Sources */ = {isa = PBXBuildFile; fileRef = BE0C505C2A7FC511008E8BD5 /* View+Ext.swift */; };
		BE1DF03D2A7FFB5800B368AA /* TodoListViewModel.swift in Sources */ = {isa = PBXBuildFile; fileRef = BE1DF03C2A7FFB5800B368AA /* TodoListViewModel.swift */; };
		BE1EB8222A7FAA29002EFFB8 /* Todo.swift in Sources */ = {isa = PBXBuildFile; fileRef = BE1EB8212A7FAA29002EFFB8 /* Todo.swift */; };
		BEC261E22A7FA51C009F7523 /* TodoItemCellView.swift in Sources */ = {isa = PBXBuildFile; fileRef = BEC261E12A7FA51C009F7523 /* TodoItemCellView.swift */; };
		BEC666792A7D41C60053EECE /* Todo_ListApp.swift in Sources */ = {isa = PBXBuildFile; fileRef = BEC666782A7D41C60053EECE /* Todo_ListApp.swift */; };
		BEC6667B2A7D41C60053EECE /* ContentView.swift in Sources */ = {isa = PBXBuildFile; fileRef = BEC6667A2A7D41C60053EECE /* ContentView.swift */; };
		BEC6667D2A7D41C80053EECE /* Assets.xcassets in Resources */ = {isa = PBXBuildFile; fileRef = BEC6667C2A7D41C80053EECE /* Assets.xcassets */; };
		BEC666802A7D41C80053EECE /* Preview Assets.xcassets in Resources */ = {isa = PBXBuildFile; fileRef = BEC6667F2A7D41C80053EECE /* Preview Assets.xcassets */; };
		BEC666822A7D41C80053EECE /* PersistenceController.swift in Sources */ = {isa = PBXBuildFile; fileRef = BEC666812A7D41C80053EECE /* PersistenceController.swift */; };
		BEC666852A7D41C80053EECE /* Todo_List.xcdatamodeld in Sources */ = {isa = PBXBuildFile; fileRef = BEC666832A7D41C80053EECE /* Todo_List.xcdatamodeld */; };
/* End PBXBuildFile section */

/* Begin PBXFileReference section */
		BE0C505C2A7FC511008E8BD5 /* View+Ext.swift */ = {isa = PBXFileReference; fileEncoding = 4; lastKnownFileType = sourcecode.swift; path = "View+Ext.swift"; sourceTree = "<group>"; };
		BE1DF03C2A7FFB5800B368AA /* TodoListViewModel.swift */ = {isa = PBXFileReference; fileEncoding = 4; lastKnownFileType = sourcecode.swift; name = TodoListViewModel.swift; path = "Todo List/TodoListViewModel.swift"; sourceTree = SOURCE_ROOT; };
		BE1EB8212A7FAA29002EFFB8 /* Todo.swift */ = {isa = PBXFileReference; fileEncoding = 4; lastKnownFileType = sourcecode.swift; path = Todo.swift; sourceTree = "<group>"; };
		BEC261E12A7FA51C009F7523 /* TodoItemCellView.swift */ = {isa = PBXFileReference; fileEncoding = 4; lastKnownFileType = sourcecode.swift; path = TodoItemCellView.swift; sourceTree = "<group>"; };
		BEC666752A7D41C60053EECE /* Todo List.app */ = {isa = PBXFileReference; explicitFileType = wrapper.application; includeInIndex = 0; path = "Todo List.app"; sourceTree = BUILT_PRODUCTS_DIR; };
		BEC666782A7D41C60053EECE /* Todo_ListApp.swift */ = {isa = PBXFileReference; lastKnownFileType = sourcecode.swift; path = Todo_ListApp.swift; sourceTree = "<group>"; };
		BEC6667A2A7D41C60053EECE /* ContentView.swift */ = {isa = PBXFileReference; lastKnownFileType = sourcecode.swift; path = ContentView.swift; sourceTree = "<group>"; };
		BEC6667C2A7D41C80053EECE /* Assets.xcassets */ = {isa = PBXFileReference; lastKnownFileType = folder.assetcatalog; path = Assets.xcassets; sourceTree = "<group>"; };
		BEC6667F2A7D41C80053EECE /* Preview Assets.xcassets */ = {isa = PBXFileReference; lastKnownFileType = folder.assetcatalog; path = "Preview Assets.xcassets"; sourceTree = "<group>"; };
		BEC666812A7D41C80053EECE /* PersistenceController.swift */ = {isa = PBXFileReference; lastKnownFileType = sourcecode.swift; path = PersistenceController.swift; sourceTree = "<group>"; };
		BEC666842A7D41C80053EECE /* Todo_List.xcdatamodel */ = {isa = PBXFileReference; lastKnownFileType = wrapper.xcdatamodel; path = Todo_List.xcdatamodel; sourceTree = "<group>"; };
/* End PBXFileReference section */

/* Begin PBXFrameworksBuildPhase section */
		BEC666722A7D41C60053EECE /* Frameworks */ = {
			isa = PBXFrameworksBuildPhase;
			buildActionMask = 2147483647;
			files = (
			);
			runOnlyForDeploymentPostprocessing = 0;
		};
/* End PBXFrameworksBuildPhase section */

/* Begin PBXGroup section */
		BE0C505E2A7FEB7A008E8BD5 /* Extension */ = {
			isa = PBXGroup;
			children = (
				BE0C505C2A7FC511008E8BD5 /* View+Ext.swift */,
			);
			path = Extension;
			sourceTree = "<group>";
		};
		BE0C505F2A7FEB87008E8BD5 /* Helper */ = {
			isa = PBXGroup;
			children = (
				BEC666812A7D41C80053EECE /* PersistenceController.swift */,
			);
			path = Helper;
			sourceTree = "<group>";
		};
		BE0C50602A7FEB97008E8BD5 /* View */ = {
			isa = PBXGroup;
			children = (
				BEC6667A2A7D41C60053EECE /* ContentView.swift */,
				BEC261E12A7FA51C009F7523 /* TodoItemCellView.swift */,
			);
			path = View;
			sourceTree = "<group>";
		};
		BEC261E32A7FA987009F7523 /* Model */ = {
			isa = PBXGroup;
			children = (
				BE1EB8212A7FAA29002EFFB8 /* Todo.swift */,
				BEC666832A7D41C80053EECE /* Todo_List.xcdatamodeld */,
			);
			path = Model;
			sourceTree = "<group>";
		};
		BEC6666C2A7D41C60053EECE = {
			isa = PBXGroup;
			children = (
				BEC666772A7D41C60053EECE /* Todo List */,
				BEC666762A7D41C60053EECE /* Products */,
			);
			sourceTree = "<group>";
		};
		BEC666762A7D41C60053EECE /* Products */ = {
			isa = PBXGroup;
			children = (
				BEC666752A7D41C60053EECE /* Todo List.app */,
			);
			name = Products;
			sourceTree = "<group>";
		};
		BEC666772A7D41C60053EECE /* Todo List */ = {
			isa = PBXGroup;
			children = (
				BEC6667C2A7D41C80053EECE /* Assets.xcassets */,
				BEC666782A7D41C60053EECE /* Todo_ListApp.swift */,
				BE1DF03C2A7FFB5800B368AA /* TodoListViewModel.swift */,
				BE0C50602A7FEB97008E8BD5 /* View */,
				BE0C505F2A7FEB87008E8BD5 /* Helper */,
				BE0C505E2A7FEB7A008E8BD5 /* Extension */,
				BEC261E32A7FA987009F7523 /* Model */,
				BEC6667E2A7D41C80053EECE /* Preview Content */,
			);
			path = "Todo List";
			sourceTree = "<group>";
		};
		BEC6667E2A7D41C80053EECE /* Preview Content */ = {
			isa = PBXGroup;
			children = (
				BEC6667F2A7D41C80053EECE /* Preview Assets.xcassets */,
			);
			path = "Preview Content";
			sourceTree = "<group>";
		};
/* End PBXGroup section */

/* Begin PBXNativeTarget section */
		BEC666742A7D41C60053EECE /* Todo List */ = {
			isa = PBXNativeTarget;
			buildConfigurationList = BEC666882A7D41C80053EECE /* Build configuration list for PBXNativeTarget "Todo List" */;
			buildPhases = (
				BEC666712A7D41C60053EECE /* Sources */,
				BEC666722A7D41C60053EECE /* Frameworks */,
				BEC666732A7D41C60053EECE /* Resources */,
			);
			buildRules = (
			);
			dependencies = (
			);
			name = "Todo List";
			productName = "Todo List";
			productReference = BEC666752A7D41C60053EECE /* Todo List.app */;
			productType = "com.apple.product-type.application";
		};
/* End PBXNativeTarget section */

/* Begin PBXProject section */
		BEC6666D2A7D41C60053EECE /* Project object */ = {
			isa = PBXProject;
			attributes = {
				BuildIndependentTargetsInParallel = 1;
				LastSwiftUpdateCheck = 1500;
				LastUpgradeCheck = 1500;
				TargetAttributes = {
					BEC666742A7D41C60053EECE = {
						CreatedOnToolsVersion = 15.0;
					};
				};
			};
			buildConfigurationList = BEC666702A7D41C60053EECE /* Build configuration list for PBXProject "Todo List" */;
			compatibilityVersion = "Xcode 14.0";
			developmentRegion = en;
			hasScannedForEncodings = 0;
			knownRegions = (
				en,
				Base,
			);
			mainGroup = BEC6666C2A7D41C60053EECE;
			productRefGroup = BEC666762A7D41C60053EECE /* Products */;
			projectDirPath = "";
			projectRoot = "";
			targets = (
				BEC666742A7D41C60053EECE /* Todo List */,
			);
		};
/* End PBXProject section */

/* Begin PBXResourcesBuildPhase section */
		BEC666732A7D41C60053EECE /* Resources */ = {
			isa = PBXResourcesBuildPhase;
			buildActionMask = 2147483647;
			files = (
				BEC666802A7D41C80053EECE /* Preview Assets.xcassets in Resources */,
				BEC6667D2A7D41C80053EECE /* Assets.xcassets in Resources */,
			);
			runOnlyForDeploymentPostprocessing = 0;
		};
/* End PBXResourcesBuildPhase section */

/* Begin PBXSourcesBuildPhase section */
		BEC666712A7D41C60053EECE /* Sources */ = {
			isa = PBXSourcesBuildPhase;
			buildActionMask = 2147483647;
			files = (
				BE1DF03D2A7FFB5800B368AA /* TodoListViewModel.swift in Sources */,
				BE0C505D2A7FC511008E8BD5 /* View+Ext.swift in Sources */,
				BEC666822A7D41C80053EECE /* PersistenceController.swift in Sources */,
				BE1EB8222A7FAA29002EFFB8 /* Todo.swift in Sources */,
				BEC6667B2A7D41C60053EECE /* ContentView.swift in Sources */,
				BEC666792A7D41C60053EECE /* Todo_ListApp.swift in Sources */,
				BEC261E22A7FA51C009F7523 /* TodoItemCellView.swift in Sources */,
				BEC666852A7D41C80053EECE /* Todo_List.xcdatamodeld in Sources */,
			);
			runOnlyForDeploymentPostprocessing = 0;
		};
/* End PBXSourcesBuildPhase section */

/* Begin XCBuildConfiguration section */
		BEC666862A7D41C80053EECE /* Debug */ = {
			isa = XCBuildConfiguration;
			buildSettings = {
				ALWAYS_SEARCH_USER_PATHS = NO;
				ASSETCATALOG_COMPILER_GENERATE_SWIFT_ASSET_SYMBOL_EXTENSIONS = YES;
				CLANG_ANALYZER_NONNULL = YES;
				CLANG_ANALYZER_NUMBER_OBJECT_CONVERSION = YES_AGGRESSIVE;
				CLANG_CXX_LANGUAGE_STANDARD = "gnu++20";
				CLANG_ENABLE_MODULES = YES;
				CLANG_ENABLE_OBJC_ARC = YES;
				CLANG_ENABLE_OBJC_WEAK = YES;
				CLANG_WARN_BLOCK_CAPTURE_AUTORELEASING = YES;
				CLANG_WARN_BOOL_CONVERSION = YES;
				CLANG_WARN_COMMA = YES;
				CLANG_WARN_CONSTANT_CONVERSION = YES;
				CLANG_WARN_DEPRECATED_OBJC_IMPLEMENTATIONS = YES;
				CLANG_WARN_DIRECT_OBJC_ISA_USAGE = YES_ERROR;
				CLANG_WARN_DOCUMENTATION_COMMENTS = YES;
				CLANG_WARN_EMPTY_BODY = YES;
				CLANG_WARN_ENUM_CONVERSION = YES;
				CLANG_WARN_INFINITE_RECURSION = YES;
				CLANG_WARN_INT_CONVERSION = YES;
				CLANG_WARN_NON_LITERAL_NULL_CONVERSION = YES;
				CLANG_WARN_OBJC_IMPLICIT_RETAIN_SELF = YES;
				CLANG_WARN_OBJC_LITERAL_CONVERSION = YES;
				CLANG_WARN_OBJC_ROOT_CLASS = YES_ERROR;
				CLANG_WARN_QUOTED_INCLUDE_IN_FRAMEWORK_HEADER = YES;
				CLANG_WARN_RANGE_LOOP_ANALYSIS = YES;
				CLANG_WARN_STRICT_PROTOTYPES = YES;
				CLANG_WARN_SUSPICIOUS_MOVE = YES;
				CLANG_WARN_UNGUARDED_AVAILABILITY = YES_AGGRESSIVE;
				CLANG_WARN_UNREACHABLE_CODE = YES;
				CLANG_WARN__DUPLICATE_METHOD_MATCH = YES;
				COPY_PHASE_STRIP = NO;
				DEBUG_INFORMATION_FORMAT = dwarf;
				ENABLE_STRICT_OBJC_MSGSEND = YES;
				ENABLE_TESTABILITY = YES;
				ENABLE_USER_SCRIPT_SANDBOXING = YES;
				GCC_C_LANGUAGE_STANDARD = gnu17;
				GCC_DYNAMIC_NO_PIC = NO;
				GCC_NO_COMMON_BLOCKS = YES;
				GCC_OPTIMIZATION_LEVEL = 0;
				GCC_PREPROCESSOR_DEFINITIONS = (
					"DEBUG=1",
					"$(inherited)",
				);
				GCC_WARN_64_TO_32_BIT_CONVERSION = YES;
				GCC_WARN_ABOUT_RETURN_TYPE = YES_ERROR;
				GCC_WARN_UNDECLARED_SELECTOR = YES;
				GCC_WARN_UNINITIALIZED_AUTOS = YES_AGGRESSIVE;
				GCC_WARN_UNUSED_FUNCTION = YES;
				GCC_WARN_UNUSED_VARIABLE = YES;
				IPHONEOS_DEPLOYMENT_TARGET = 17.0;
				LOCALIZATION_PREFERS_STRING_CATALOGS = YES;
				MTL_ENABLE_DEBUG_INFO = INCLUDE_SOURCE;
				MTL_FAST_MATH = YES;
				ONLY_ACTIVE_ARCH = YES;
				SDKROOT = iphoneos;
				SWIFT_ACTIVE_COMPILATION_CONDITIONS = "DEBUG $(inherited)";
				SWIFT_OPTIMIZATION_LEVEL = "-Onone";
			};
			name = Debug;
		};
		BEC666872A7D41C80053EECE /* Release */ = {
			isa = XCBuildConfiguration;
			buildSettings = {
				ALWAYS_SEARCH_USER_PATHS = NO;
				ASSETCATALOG_COMPILER_GENERATE_SWIFT_ASSET_SYMBOL_EXTENSIONS = YES;
				CLANG_ANALYZER_NONNULL = YES;
				CLANG_ANALYZER_NUMBER_OBJECT_CONVERSION = YES_AGGRESSIVE;
				CLANG_CXX_LANGUAGE_STANDARD = "gnu++20";
				CLANG_ENABLE_MODULES = YES;
				CLANG_ENABLE_OBJC_ARC = YES;
				CLANG_ENABLE_OBJC_WEAK = YES;
				CLANG_WARN_BLOCK_CAPTURE_AUTORELEASING = YES;
				CLANG_WARN_BOOL_CONVERSION = YES;
				CLANG_WARN_COMMA = YES;
				CLANG_WARN_CONSTANT_CONVERSION = YES;
				CLANG_WARN_DEPRECATED_OBJC_IMPLEMENTATIONS = YES;
				CLANG_WARN_DIRECT_OBJC_ISA_USAGE = YES_ERROR;
				CLANG_WARN_DOCUMENTATION_COMMENTS = YES;
				CLANG_WARN_EMPTY_BODY = YES;
				CLANG_WARN_ENUM_CONVERSION = YES;
				CLANG_WARN_INFINITE_RECURSION = YES;
				CLANG_WARN_INT_CONVERSION = YES;
				CLANG_WARN_NON_LITERAL_NULL_CONVERSION = YES;
				CLANG_WARN_OBJC_IMPLICIT_RETAIN_SELF = YES;
				CLANG_WARN_OBJC_LITERAL_CONVERSION = YES;
				CLANG_WARN_OBJC_ROOT_CLASS = YES_ERROR;
				CLANG_WARN_QUOTED_INCLUDE_IN_FRAMEWORK_HEADER = YES;
				CLANG_WARN_RANGE_LOOP_ANALYSIS = YES;
				CLANG_WARN_STRICT_PROTOTYPES = YES;
				CLANG_WARN_SUSPICIOUS_MOVE = YES;
				CLANG_WARN_UNGUARDED_AVAILABILITY = YES_AGGRESSIVE;
				CLANG_WARN_UNREACHABLE_CODE = YES;
				CLANG_WARN__DUPLICATE_METHOD_MATCH = YES;
				COPY_PHASE_STRIP = NO;
				DEBUG_INFORMATION_FORMAT = "dwarf-with-dsym";
				ENABLE_NS_ASSERTIONS = NO;
				ENABLE_STRICT_OBJC_MSGSEND = YES;
				ENABLE_USER_SCRIPT_SANDBOXING = YES;
				GCC_C_LANGUAGE_STANDARD = gnu17;
				GCC_NO_COMMON_BLOCKS = YES;
				GCC_WARN_64_TO_32_BIT_CONVERSION = YES;
				GCC_WARN_ABOUT_RETURN_TYPE = YES_ERROR;
				GCC_WARN_UNDECLARED_SELECTOR = YES;
				GCC_WARN_UNINITIALIZED_AUTOS = YES_AGGRESSIVE;
				GCC_WARN_UNUSED_FUNCTION = YES;
				GCC_WARN_UNUSED_VARIABLE = YES;
				IPHONEOS_DEPLOYMENT_TARGET = 17.0;
				LOCALIZATION_PREFERS_STRING_CATALOGS = YES;
				MTL_ENABLE_DEBUG_INFO = NO;
				MTL_FAST_MATH = YES;
				SDKROOT = iphoneos;
				SWIFT_COMPILATION_MODE = wholemodule;
				VALIDATE_PRODUCT = YES;
			};
			name = Release;
		};
		BEC666892A7D41C80053EECE /* Debug */ = {
			isa = XCBuildConfiguration;
			buildSettings = {
				ASSETCATALOG_COMPILER_APPICON_NAME = AppIcon;
				ASSETCATALOG_COMPILER_GLOBAL_ACCENT_COLOR_NAME = AccentColor;
				CODE_SIGN_STYLE = Automatic;
				CURRENT_PROJECT_VERSION = 1;
				DEVELOPMENT_ASSET_PATHS = "\"Todo List/Preview Content\"";
				DEVELOPMENT_TEAM = 5KR93355T7;
				ENABLE_PREVIEWS = YES;
				GENERATE_INFOPLIST_FILE = YES;
				INFOPLIST_KEY_UIApplicationSceneManifest_Generation = YES;
				INFOPLIST_KEY_UIApplicationSupportsIndirectInputEvents = YES;
				INFOPLIST_KEY_UILaunchScreen_Generation = YES;
				INFOPLIST_KEY_UISupportedInterfaceOrientations_iPad = "UIInterfaceOrientationPortrait UIInterfaceOrientationPortraitUpsideDown UIInterfaceOrientationLandscapeLeft UIInterfaceOrientationLandscapeRight";
				INFOPLIST_KEY_UISupportedInterfaceOrientations_iPhone = "UIInterfaceOrientationPortrait UIInterfaceOrientationLandscapeLeft UIInterfaceOrientationLandscapeRight";
				IPHONEOS_DEPLOYMENT_TARGET = 16.0;
				LD_RUNPATH_SEARCH_PATHS = (
					"$(inherited)",
					"@executable_path/Frameworks",
				);
				MARKETING_VERSION = 1.0;
				PRODUCT_BUNDLE_IDENTIFIER = "me.gremlinflat.ubersnap.todo.Todo-List";
				PRODUCT_NAME = "$(TARGET_NAME)";
				SWIFT_EMIT_LOC_STRINGS = YES;
				SWIFT_VERSION = 5.0;
				TARGETED_DEVICE_FAMILY = "1,2";
			};
			name = Debug;
		};
		BEC6668A2A7D41C80053EECE /* Release */ = {
			isa = XCBuildConfiguration;
			buildSettings = {
				ASSETCATALOG_COMPILER_APPICON_NAME = AppIcon;
				ASSETCATALOG_COMPILER_GLOBAL_ACCENT_COLOR_NAME = AccentColor;
				CODE_SIGN_STYLE = Automatic;
				CURRENT_PROJECT_VERSION = 1;
				DEVELOPMENT_ASSET_PATHS = "\"Todo List/Preview Content\"";
				DEVELOPMENT_TEAM = 5KR93355T7;
				ENABLE_PREVIEWS = YES;
				GENERATE_INFOPLIST_FILE = YES;
				INFOPLIST_KEY_UIApplicationSceneManifest_Generation = YES;
				INFOPLIST_KEY_UIApplicationSupportsIndirectInputEvents = YES;
				INFOPLIST_KEY_UILaunchScreen_Generation = YES;
				INFOPLIST_KEY_UISupportedInterfaceOrientations_iPad = "UIInterfaceOrientationPortrait UIInterfaceOrientationPortraitUpsideDown UIInterfaceOrientationLandscapeLeft UIInterfaceOrientationLandscapeRight";
				INFOPLIST_KEY_UISupportedInterfaceOrientations_iPhone = "UIInterfaceOrientationPortrait UIInterfaceOrientationLandscapeLeft UIInterfaceOrientationLandscapeRight";
				IPHONEOS_DEPLOYMENT_TARGET = 16.0;
				LD_RUNPATH_SEARCH_PATHS = (
					"$(inherited)",
					"@executable_path/Frameworks",
				);
				MARKETING_VERSION = 1.0;
				PRODUCT_BUNDLE_IDENTIFIER = "me.gremlinflat.ubersnap.todo.Todo-List";
				PRODUCT_NAME = "$(TARGET_NAME)";
				SWIFT_EMIT_LOC_STRINGS = YES;
				SWIFT_VERSION = 5.0;
				TARGETED_DEVICE_FAMILY = "1,2";
			};
			name = Release;
		};
/* End XCBuildConfiguration section */

/* Begin XCConfigurationList section */
		BEC666702A7D41C60053EECE /* Build configuration list for PBXProject "Todo List" */ = {
			isa = XCConfigurationList;
			buildConfigurations = (
				BEC666862A7D41C80053EECE /* Debug */,
				BEC666872A7D41C80053EECE /* Release */,
			);
			defaultConfigurationIsVisible = 0;
			defaultConfigurationName = Release;
		};
		BEC666882A7D41C80053EECE /* Build configuration list for PBXNativeTarget "Todo List" */ = {
			isa = XCConfigurationList;
			buildConfigurations = (
				BEC666892A7D41C80053EECE /* Debug */,
				BEC6668A2A7D41C80053EECE /* Release */,
			);
			defaultConfigurationIsVisible = 0;
			defaultConfigurationName = Release;
		};
/* End XCConfigurationList section */

/* Begin XCVersionGroup section */
		BEC666832A7D41C80053EECE /* Todo_List.xcdatamodeld */ = {
			isa = XCVersionGroup;
			children = (
				BEC666842A7D41C80053EECE /* Todo_List.xcdatamodel */,
			);
			currentVersion = BEC666842A7D41C80053EECE /* Todo_List.xcdatamodel */;
			path = Todo_List.xcdatamodeld;
			sourceTree = "<group>";
			versionGroupType = wrapper.xcdatamodel;
		};
/* End XCVersionGroup section */
	};
	rootObject = BEC6666D2A7D41C60053EECE /* Project object */;
}
